// !$*UTF8*$!
{
	archiveVersion = 1;
	classes = {
	};
	objectVersion = 46;
	objects = {

/* Begin PBXBuildFile section */
		3C8F52A815F4393C00E637A5 /* ddang_30.png in Resources */ = {isa = PBXBuildFile; fileRef = 3C8F52A515F4393C00E637A5 /* ddang_30.png */; };
		3C8F52A915F4393C00E637A5 /* my_30.png in Resources */ = {isa = PBXBuildFile; fileRef = 3C8F52A615F4393C00E637A5 /* my_30.png */; };
		3C8F52AA15F4393C00E637A5 /* twittour_30.png in Resources */ = {isa = PBXBuildFile; fileRef = 3C8F52A715F4393C00E637A5 /* twittour_30.png */; };
		3CE6A2C415E4740300F60218 /* Icon@2x.png in Resources */ = {isa = PBXBuildFile; fileRef = 3CE6A2C315E4740300F60218 /* Icon@2x.png */; };
		3CE6A2C715E4740600F60218 /* icon.png in Resources */ = {isa = PBXBuildFile; fileRef = 3CE6A2C615E4740600F60218 /* icon.png */; };
		3CE6A2CD15E476FC00F60218 /* Default@2x.png in Resources */ = {isa = PBXBuildFile; fileRef = 3CE6A2CC15E476FC00F60218 /* Default@2x.png */; };
		3CE6A2D015E4770000F60218 /* Default.png in Resources */ = {isa = PBXBuildFile; fileRef = 3CE6A2CF15E4770000F60218 /* Default.png */; };
		BFF64DC01599F9EC00ED8D1F /* FirstTableViewCell.m in Sources */ = {isa = PBXBuildFile; fileRef = BFF64DBF1599F9EC00ED8D1F /* FirstTableViewCell.m */; };
		BFF64DC41599FA8200ED8D1F /* FirstTableViewController.m in Sources */ = {isa = PBXBuildFile; fileRef = BFF64DC31599FA8200ED8D1F /* FirstTableViewController.m */; };
		BFF64DCA159A12FD00ED8D1F /* FourthTableViewController.m in Sources */ = {isa = PBXBuildFile; fileRef = BFF64DC9159A12FD00ED8D1F /* FourthTableViewController.m */; };
		BFF64DCD159A134900ED8D1F /* FourthTableViewCell.m in Sources */ = {isa = PBXBuildFile; fileRef = BFF64DCC159A134900ED8D1F /* FourthTableViewCell.m */; };
		BFF975BF1598B81F000FB101 /* UIKit.framework in Frameworks */ = {isa = PBXBuildFile; fileRef = BFF975BE1598B81F000FB101 /* UIKit.framework */; };
		BFF975C11598B81F000FB101 /* Foundation.framework in Frameworks */ = {isa = PBXBuildFile; fileRef = BFF975C01598B81F000FB101 /* Foundation.framework */; };
		BFF975C31598B81F000FB101 /* CoreGraphics.framework in Frameworks */ = {isa = PBXBuildFile; fileRef = BFF975C21598B81F000FB101 /* CoreGraphics.framework */; };
		BFF975C91598B81F000FB101 /* InfoPlist.strings in Resources */ = {isa = PBXBuildFile; fileRef = BFF975C71598B81F000FB101 /* InfoPlist.strings */; };
		BFF975CB1598B81F000FB101 /* main.m in Sources */ = {isa = PBXBuildFile; fileRef = BFF975CA1598B81F000FB101 /* main.m */; };
		BFF975CF1598B81F000FB101 /* AppDelegate.m in Sources */ = {isa = PBXBuildFile; fileRef = BFF975CE1598B81F000FB101 /* AppDelegate.m */; };
		BFF975D21598B81F000FB101 /* MainStoryboard_iPhone.storyboard in Resources */ = {isa = PBXBuildFile; fileRef = BFF975D01598B81F000FB101 /* MainStoryboard_iPhone.storyboard */; };
		BFF975D51598B81F000FB101 /* MainStoryboard_iPad.storyboard in Resources */ = {isa = PBXBuildFile; fileRef = BFF975D31598B81F000FB101 /* MainStoryboard_iPad.storyboard */; };
		BFF975D81598B81F000FB101 /* FirstViewController.m in Sources */ = {isa = PBXBuildFile; fileRef = BFF975D71598B81F000FB101 /* FirstViewController.m */; };
		BFF975DA1598B81F000FB101 /* first.png in Resources */ = {isa = PBXBuildFile; fileRef = BFF975D91598B81F000FB101 /* first.png */; };
		BFF975DC1598B81F000FB101 /* first@2x.png in Resources */ = {isa = PBXBuildFile; fileRef = BFF975DB1598B81F000FB101 /* first@2x.png */; };
		BFF975DF1598B81F000FB101 /* SecondViewController.m in Sources */ = {isa = PBXBuildFile; fileRef = BFF975DE1598B81F000FB101 /* SecondViewController.m */; };
		BFF975E11598B81F000FB101 /* second.png in Resources */ = {isa = PBXBuildFile; fileRef = BFF975E01598B81F000FB101 /* second.png */; };
		BFF975E31598B81F000FB101 /* second@2x.png in Resources */ = {isa = PBXBuildFile; fileRef = BFF975E21598B81F000FB101 /* second@2x.png */; };
		BFF975EB1598B81F000FB101 /* SenTestingKit.framework in Frameworks */ = {isa = PBXBuildFile; fileRef = BFF975EA1598B81F000FB101 /* SenTestingKit.framework */; };
		BFF975EC1598B820000FB101 /* UIKit.framework in Frameworks */ = {isa = PBXBuildFile; fileRef = BFF975BE1598B81F000FB101 /* UIKit.framework */; };
		BFF975ED1598B820000FB101 /* Foundation.framework in Frameworks */ = {isa = PBXBuildFile; fileRef = BFF975C01598B81F000FB101 /* Foundation.framework */; };
		BFF975F51598B820000FB101 /* InfoPlist.strings in Resources */ = {isa = PBXBuildFile; fileRef = BFF975F31598B820000FB101 /* InfoPlist.strings */; };
		BFF975F81598B820000FB101 /* TabbarTests.m in Sources */ = {isa = PBXBuildFile; fileRef = BFF975F71598B820000FB101 /* TabbarTests.m */; };
		BFF976031599E62B000FB101 /* ThirdViewController.m in Sources */ = {isa = PBXBuildFile; fileRef = BFF976021599E62A000FB101 /* ThirdViewController.m */; };
		BFF976061599E77A000FB101 /* FourthViewController.m in Sources */ = {isa = PBXBuildFile; fileRef = BFF976051599E77A000FB101 /* FourthViewController.m */; };
		C8969F5515F3313C00D9A5E7 /* ForthViewController.m in Sources */ = {isa = PBXBuildFile; fileRef = C8969F5415F3313C00D9A5E7 /* ForthViewController.m */; };
		C8969F6015F4DE5000D9A5E7 /* BaseWebViewController.m in Sources */ = {isa = PBXBuildFile; fileRef = C8969F5F15F4DE5000D9A5E7 /* BaseWebViewController.m */; };
/* End PBXBuildFile section */

/* Begin PBXContainerItemProxy section */
		BFF975EE1598B820000FB101 /* PBXContainerItemProxy */ = {
			isa = PBXContainerItemProxy;
			containerPortal = BFF975B11598B81F000FB101 /* Project object */;
			proxyType = 1;
			remoteGlobalIDString = BFF975B91598B81F000FB101;
			remoteInfo = Tabbar;
		};
/* End PBXContainerItemProxy section */

/* Begin PBXFileReference section */
		3C8F52A515F4393C00E637A5 /* ddang_30.png */ = {isa = PBXFileReference; lastKnownFileType = image.png; path = ddang_30.png; sourceTree = "<group>"; };
		3C8F52A615F4393C00E637A5 /* my_30.png */ = {isa = PBXFileReference; lastKnownFileType = image.png; path = my_30.png; sourceTree = "<group>"; };
		3C8F52A715F4393C00E637A5 /* twittour_30.png */ = {isa = PBXFileReference; lastKnownFileType = image.png; path = twittour_30.png; sourceTree = "<group>"; };
		3CE6A2C315E4740300F60218 /* Icon@2x.png */ = {isa = PBXFileReference; lastKnownFileType = image.png; path = "Icon@2x.png"; sourceTree = "<group>"; };
		3CE6A2C615E4740600F60218 /* icon.png */ = {isa = PBXFileReference; lastKnownFileType = image.png; path = icon.png; sourceTree = "<group>"; };
		3CE6A2CC15E476FC00F60218 /* Default@2x.png */ = {isa = PBXFileReference; lastKnownFileType = image.png; path = "Default@2x.png"; sourceTree = "<group>"; };
		3CE6A2CF15E4770000F60218 /* Default.png */ = {isa = PBXFileReference; lastKnownFileType = image.png; path = Default.png; sourceTree = "<group>"; };
		BFF64DBE1599F9EC00ED8D1F /* FirstTableViewCell.h */ = {isa = PBXFileReference; fileEncoding = 4; lastKnownFileType = sourcecode.c.h; path = FirstTableViewCell.h; sourceTree = "<group>"; };
		BFF64DBF1599F9EC00ED8D1F /* FirstTableViewCell.m */ = {isa = PBXFileReference; fileEncoding = 4; lastKnownFileType = sourcecode.c.objc; path = FirstTableViewCell.m; sourceTree = "<group>"; };
		BFF64DC21599FA8200ED8D1F /* FirstTableViewController.h */ = {isa = PBXFileReference; fileEncoding = 4; lastKnownFileType = sourcecode.c.h; path = FirstTableViewController.h; sourceTree = "<group>"; };
		BFF64DC31599FA8200ED8D1F /* FirstTableViewController.m */ = {isa = PBXFileReference; fileEncoding = 4; lastKnownFileType = sourcecode.c.objc; path = FirstTableViewController.m; sourceTree = "<group>"; };
		BFF64DC8159A12FD00ED8D1F /* FourthTableViewController.h */ = {isa = PBXFileReference; fileEncoding = 4; lastKnownFileType = sourcecode.c.h; path = FourthTableViewController.h; sourceTree = "<group>"; };
		BFF64DC9159A12FD00ED8D1F /* FourthTableViewController.m */ = {isa = PBXFileReference; fileEncoding = 4; lastKnownFileType = sourcecode.c.objc; path = FourthTableViewController.m; sourceTree = "<group>"; };
		BFF64DCB159A134900ED8D1F /* FourthTableViewCell.h */ = {isa = PBXFileReference; fileEncoding = 4; lastKnownFileType = sourcecode.c.h; path = FourthTableViewCell.h; sourceTree = "<group>"; };
		BFF64DCC159A134900ED8D1F /* FourthTableViewCell.m */ = {isa = PBXFileReference; fileEncoding = 4; lastKnownFileType = sourcecode.c.objc; path = FourthTableViewCell.m; sourceTree = "<group>"; };
		BFF975BA1598B81F000FB101 /* Tabbar.app */ = {isa = PBXFileReference; explicitFileType = wrapper.application; includeInIndex = 0; path = Tabbar.app; sourceTree = BUILT_PRODUCTS_DIR; };
		BFF975BE1598B81F000FB101 /* UIKit.framework */ = {isa = PBXFileReference; lastKnownFileType = wrapper.framework; name = UIKit.framework; path = System/Library/Frameworks/UIKit.framework; sourceTree = SDKROOT; };
		BFF975C01598B81F000FB101 /* Foundation.framework */ = {isa = PBXFileReference; lastKnownFileType = wrapper.framework; name = Foundation.framework; path = System/Library/Frameworks/Foundation.framework; sourceTree = SDKROOT; };
		BFF975C21598B81F000FB101 /* CoreGraphics.framework */ = {isa = PBXFileReference; lastKnownFileType = wrapper.framework; name = CoreGraphics.framework; path = System/Library/Frameworks/CoreGraphics.framework; sourceTree = SDKROOT; };
		BFF975C61598B81F000FB101 /* Tabbar-Info.plist */ = {isa = PBXFileReference; lastKnownFileType = text.plist.xml; path = "Tabbar-Info.plist"; sourceTree = "<group>"; };
		BFF975C81598B81F000FB101 /* en */ = {isa = PBXFileReference; lastKnownFileType = text.plist.strings; name = en; path = en.lproj/InfoPlist.strings; sourceTree = "<group>"; };
		BFF975CA1598B81F000FB101 /* main.m */ = {isa = PBXFileReference; lastKnownFileType = sourcecode.c.objc; path = main.m; sourceTree = "<group>"; };
		BFF975CC1598B81F000FB101 /* Tabbar-Prefix.pch */ = {isa = PBXFileReference; lastKnownFileType = sourcecode.c.h; path = "Tabbar-Prefix.pch"; sourceTree = "<group>"; };
		BFF975CD1598B81F000FB101 /* AppDelegate.h */ = {isa = PBXFileReference; lastKnownFileType = sourcecode.c.h; path = AppDelegate.h; sourceTree = "<group>"; };
		BFF975CE1598B81F000FB101 /* AppDelegate.m */ = {isa = PBXFileReference; lastKnownFileType = sourcecode.c.objc; path = AppDelegate.m; sourceTree = "<group>"; };
		BFF975D11598B81F000FB101 /* en */ = {isa = PBXFileReference; lastKnownFileType = file.storyboard; name = en; path = en.lproj/MainStoryboard_iPhone.storyboard; sourceTree = "<group>"; };
		BFF975D41598B81F000FB101 /* en */ = {isa = PBXFileReference; lastKnownFileType = file.storyboard; name = en; path = en.lproj/MainStoryboard_iPad.storyboard; sourceTree = "<group>"; };
		BFF975D61598B81F000FB101 /* FirstViewController.h */ = {isa = PBXFileReference; lastKnownFileType = sourcecode.c.h; path = FirstViewController.h; sourceTree = "<group>"; };
		BFF975D71598B81F000FB101 /* FirstViewController.m */ = {isa = PBXFileReference; lastKnownFileType = sourcecode.c.objc; path = FirstViewController.m; sourceTree = "<group>"; };
		BFF975D91598B81F000FB101 /* first.png */ = {isa = PBXFileReference; lastKnownFileType = image.png; path = first.png; sourceTree = "<group>"; };
		BFF975DB1598B81F000FB101 /* first@2x.png */ = {isa = PBXFileReference; lastKnownFileType = image.png; path = "first@2x.png"; sourceTree = "<group>"; };
		BFF975DD1598B81F000FB101 /* SecondViewController.h */ = {isa = PBXFileReference; lastKnownFileType = sourcecode.c.h; path = SecondViewController.h; sourceTree = "<group>"; };
		BFF975DE1598B81F000FB101 /* SecondViewController.m */ = {isa = PBXFileReference; lastKnownFileType = sourcecode.c.objc; path = SecondViewController.m; sourceTree = "<group>"; };
		BFF975E01598B81F000FB101 /* second.png */ = {isa = PBXFileReference; lastKnownFileType = image.png; path = second.png; sourceTree = "<group>"; };
		BFF975E21598B81F000FB101 /* second@2x.png */ = {isa = PBXFileReference; lastKnownFileType = image.png; path = "second@2x.png"; sourceTree = "<group>"; };
		BFF975E91598B81F000FB101 /* TabbarTests.octest */ = {isa = PBXFileReference; explicitFileType = wrapper.cfbundle; includeInIndex = 0; path = TabbarTests.octest; sourceTree = BUILT_PRODUCTS_DIR; };
		BFF975EA1598B81F000FB101 /* SenTestingKit.framework */ = {isa = PBXFileReference; lastKnownFileType = wrapper.framework; name = SenTestingKit.framework; path = Library/Frameworks/SenTestingKit.framework; sourceTree = DEVELOPER_DIR; };
		BFF975F21598B820000FB101 /* TabbarTests-Info.plist */ = {isa = PBXFileReference; lastKnownFileType = text.plist.xml; path = "TabbarTests-Info.plist"; sourceTree = "<group>"; };
		BFF975F41598B820000FB101 /* en */ = {isa = PBXFileReference; lastKnownFileType = text.plist.strings; name = en; path = en.lproj/InfoPlist.strings; sourceTree = "<group>"; };
		BFF975F61598B820000FB101 /* TabbarTests.h */ = {isa = PBXFileReference; lastKnownFileType = sourcecode.c.h; path = TabbarTests.h; sourceTree = "<group>"; };
		BFF975F71598B820000FB101 /* TabbarTests.m */ = {isa = PBXFileReference; lastKnownFileType = sourcecode.c.objc; path = TabbarTests.m; sourceTree = "<group>"; };
		BFF976011599E62A000FB101 /* ThirdViewController.h */ = {isa = PBXFileReference; fileEncoding = 4; lastKnownFileType = sourcecode.c.h; path = ThirdViewController.h; sourceTree = "<group>"; };
		BFF976021599E62A000FB101 /* ThirdViewController.m */ = {isa = PBXFileReference; fileEncoding = 4; lastKnownFileType = sourcecode.c.objc; path = ThirdViewController.m; sourceTree = "<group>"; };
		BFF976041599E77A000FB101 /* FourthViewController.h */ = {isa = PBXFileReference; fileEncoding = 4; lastKnownFileType = sourcecode.c.h; path = FourthViewController.h; sourceTree = "<group>"; };
		BFF976051599E77A000FB101 /* FourthViewController.m */ = {isa = PBXFileReference; fileEncoding = 4; lastKnownFileType = sourcecode.c.objc; path = FourthViewController.m; sourceTree = "<group>"; };
		C8969F5315F3313C00D9A5E7 /* ForthViewController.h */ = {isa = PBXFileReference; fileEncoding = 4; lastKnownFileType = sourcecode.c.h; path = ForthViewController.h; sourceTree = "<group>"; };
		C8969F5415F3313C00D9A5E7 /* ForthViewController.m */ = {isa = PBXFileReference; fileEncoding = 4; lastKnownFileType = sourcecode.c.objc; path = ForthViewController.m; sourceTree = "<group>"; };
		C8969F5E15F4DE5000D9A5E7 /* BaseWebViewController.h */ = {isa = PBXFileReference; fileEncoding = 4; lastKnownFileType = sourcecode.c.h; path = BaseWebViewController.h; sourceTree = "<group>"; };
		C8969F5F15F4DE5000D9A5E7 /* BaseWebViewController.m */ = {isa = PBXFileReference; fileEncoding = 4; lastKnownFileType = sourcecode.c.objc; path = BaseWebViewController.m; sourceTree = "<group>"; };
/* End PBXFileReference section */

/* Begin PBXFrameworksBuildPhase section */
		BFF975B71598B81F000FB101 /* Frameworks */ = {
			isa = PBXFrameworksBuildPhase;
			buildActionMask = 2147483647;
			files = (
				BFF975BF1598B81F000FB101 /* UIKit.framework in Frameworks */,
				BFF975C11598B81F000FB101 /* Foundation.framework in Frameworks */,
				BFF975C31598B81F000FB101 /* CoreGraphics.framework in Frameworks */,
			);
			runOnlyForDeploymentPostprocessing = 0;
		};
		BFF975E51598B81F000FB101 /* Frameworks */ = {
			isa = PBXFrameworksBuildPhase;
			buildActionMask = 2147483647;
			files = (
				BFF975EB1598B81F000FB101 /* SenTestingKit.framework in Frameworks */,
				BFF975EC1598B820000FB101 /* UIKit.framework in Frameworks */,
				BFF975ED1598B820000FB101 /* Foundation.framework in Frameworks */,
			);
			runOnlyForDeploymentPostprocessing = 0;
		};
/* End PBXFrameworksBuildPhase section */

/* Begin PBXGroup section */
		3C8F529E15F4376D00E637A5 /* Image */ = {
			isa = PBXGroup;
			children = (
				3C8F52A515F4393C00E637A5 /* ddang_30.png */,
				3C8F52A615F4393C00E637A5 /* my_30.png */,
				3C8F52A715F4393C00E637A5 /* twittour_30.png */,
			);
			name = Image;
			sourceTree = "<group>";
		};
		BFF975AF1598B81F000FB101 = {
			isa = PBXGroup;
			children = (
				3C8F529E15F4376D00E637A5 /* Image */,
				3CE6A2CF15E4770000F60218 /* Default.png */,
				3CE6A2CC15E476FC00F60218 /* Default@2x.png */,
				3CE6A2C615E4740600F60218 /* icon.png */,
				3CE6A2C315E4740300F60218 /* Icon@2x.png */,
				BFF975C41598B81F000FB101 /* Tabbar */,
				BFF975F01598B820000FB101 /* TabbarTests */,
				BFF975BD1598B81F000FB101 /* Frameworks */,
				BFF975BB1598B81F000FB101 /* Products */,
			);
			sourceTree = "<group>";
		};
		BFF975BB1598B81F000FB101 /* Products */ = {
			isa = PBXGroup;
			children = (
				BFF975BA1598B81F000FB101 /* Tabbar.app */,
				BFF975E91598B81F000FB101 /* TabbarTests.octest */,
			);
			name = Products;
			sourceTree = "<group>";
		};
		BFF975BD1598B81F000FB101 /* Frameworks */ = {
			isa = PBXGroup;
			children = (
				BFF975BE1598B81F000FB101 /* UIKit.framework */,
				BFF975C01598B81F000FB101 /* Foundation.framework */,
				BFF975C21598B81F000FB101 /* CoreGraphics.framework */,
				BFF975EA1598B81F000FB101 /* SenTestingKit.framework */,
			);
			name = Frameworks;
			sourceTree = "<group>";
		};
		BFF975C41598B81F000FB101 /* Tabbar */ = {
			isa = PBXGroup;
			children = (
				C8969F5315F3313C00D9A5E7 /* ForthViewController.h */,
				C8969F5415F3313C00D9A5E7 /* ForthViewController.m */,
				BFF975CD1598B81F000FB101 /* AppDelegate.h */,
				BFF975CE1598B81F000FB101 /* AppDelegate.m */,
				BFF975D01598B81F000FB101 /* MainStoryboard_iPhone.storyboard */,
				BFF64DCB159A134900ED8D1F /* FourthTableViewCell.h */,
				BFF64DCC159A134900ED8D1F /* FourthTableViewCell.m */,
				BFF64DC8159A12FD00ED8D1F /* FourthTableViewController.h */,
				BFF64DC9159A12FD00ED8D1F /* FourthTableViewController.m */,
				BFF64DC21599FA8200ED8D1F /* FirstTableViewController.h */,
				BFF64DC31599FA8200ED8D1F /* FirstTableViewController.m */,
				BFF64DBE1599F9EC00ED8D1F /* FirstTableViewCell.h */,
				BFF64DBF1599F9EC00ED8D1F /* FirstTableViewCell.m */,
				BFF976041599E77A000FB101 /* FourthViewController.h */,
				BFF976051599E77A000FB101 /* FourthViewController.m */,
				BFF976011599E62A000FB101 /* ThirdViewController.h */,
				BFF976021599E62A000FB101 /* ThirdViewController.m */,
				BFF975D31598B81F000FB101 /* MainStoryboard_iPad.storyboard */,
				BFF975D61598B81F000FB101 /* FirstViewController.h */,
				BFF975D71598B81F000FB101 /* FirstViewController.m */,
				BFF975D91598B81F000FB101 /* first.png */,
				BFF975DB1598B81F000FB101 /* first@2x.png */,
				BFF975DD1598B81F000FB101 /* SecondViewController.h */,
				BFF975DE1598B81F000FB101 /* SecondViewController.m */,
				BFF975E01598B81F000FB101 /* second.png */,
				BFF975E21598B81F000FB101 /* second@2x.png */,
				BFF975C51598B81F000FB101 /* Supporting Files */,
				C8969F5E15F4DE5000D9A5E7 /* BaseWebViewController.h */,
				C8969F5F15F4DE5000D9A5E7 /* BaseWebViewController.m */,
			);
			path = Tabbar;
			sourceTree = "<group>";
		};
		BFF975C51598B81F000FB101 /* Supporting Files */ = {
			isa = PBXGroup;
			children = (
				BFF975C61598B81F000FB101 /* Tabbar-Info.plist */,
				BFF975C71598B81F000FB101 /* InfoPlist.strings */,
				BFF975CA1598B81F000FB101 /* main.m */,
				BFF975CC1598B81F000FB101 /* Tabbar-Prefix.pch */,
			);
			name = "Supporting Files";
			sourceTree = "<group>";
		};
		BFF975F01598B820000FB101 /* TabbarTests */ = {
			isa = PBXGroup;
			children = (
				BFF975F61598B820000FB101 /* TabbarTests.h */,
				BFF975F71598B820000FB101 /* TabbarTests.m */,
				BFF975F11598B820000FB101 /* Supporting Files */,
			);
			path = TabbarTests;
			sourceTree = "<group>";
		};
		BFF975F11598B820000FB101 /* Supporting Files */ = {
			isa = PBXGroup;
			children = (
				BFF975F21598B820000FB101 /* TabbarTests-Info.plist */,
				BFF975F31598B820000FB101 /* InfoPlist.strings */,
			);
			name = "Supporting Files";
			sourceTree = "<group>";
		};
/* End PBXGroup section */

/* Begin PBXNativeTarget section */
		BFF975B91598B81F000FB101 /* Tabbar */ = {
			isa = PBXNativeTarget;
			buildConfigurationList = BFF975FB1598B820000FB101 /* Build configuration list for PBXNativeTarget "Tabbar" */;
			buildPhases = (
				BFF975B61598B81F000FB101 /* Sources */,
				BFF975B71598B81F000FB101 /* Frameworks */,
				BFF975B81598B81F000FB101 /* Resources */,
			);
			buildRules = (
			);
			dependencies = (
			);
			name = Tabbar;
			productName = Tabbar;
			productReference = BFF975BA1598B81F000FB101 /* Tabbar.app */;
			productType = "com.apple.product-type.application";
		};
		BFF975E81598B81F000FB101 /* TabbarTests */ = {
			isa = PBXNativeTarget;
			buildConfigurationList = BFF975FE1598B820000FB101 /* Build configuration list for PBXNativeTarget "TabbarTests" */;
			buildPhases = (
				BFF975E41598B81F000FB101 /* Sources */,
				BFF975E51598B81F000FB101 /* Frameworks */,
				BFF975E61598B81F000FB101 /* Resources */,
				BFF975E71598B81F000FB101 /* ShellScript */,
			);
			buildRules = (
			);
			dependencies = (
				BFF975EF1598B820000FB101 /* PBXTargetDependency */,
			);
			name = TabbarTests;
			productName = TabbarTests;
			productReference = BFF975E91598B81F000FB101 /* TabbarTests.octest */;
			productType = "com.apple.product-type.bundle";
		};
/* End PBXNativeTarget section */

/* Begin PBXProject section */
		BFF975B11598B81F000FB101 /* Project object */ = {
			isa = PBXProject;
			attributes = {
				LastUpgradeCheck = 0430;
			};
			buildConfigurationList = BFF975B41598B81F000FB101 /* Build configuration list for PBXProject "072FreeTour" */;
			compatibilityVersion = "Xcode 3.2";
			developmentRegion = English;
			hasScannedForEncodings = 0;
			knownRegions = (
				en,
			);
			mainGroup = BFF975AF1598B81F000FB101;
			productRefGroup = BFF975BB1598B81F000FB101 /* Products */;
			projectDirPath = "";
			projectRoot = "";
			targets = (
				BFF975B91598B81F000FB101 /* Tabbar */,
				BFF975E81598B81F000FB101 /* TabbarTests */,
			);
		};
/* End PBXProject section */

/* Begin PBXResourcesBuildPhase section */
		BFF975B81598B81F000FB101 /* Resources */ = {
			isa = PBXResourcesBuildPhase;
			buildActionMask = 2147483647;
			files = (
				BFF975C91598B81F000FB101 /* InfoPlist.strings in Resources */,
				BFF975D21598B81F000FB101 /* MainStoryboard_iPhone.storyboard in Resources */,
				BFF975D51598B81F000FB101 /* MainStoryboard_iPad.storyboard in Resources */,
				BFF975DA1598B81F000FB101 /* first.png in Resources */,
				BFF975DC1598B81F000FB101 /* first@2x.png in Resources */,
				BFF975E11598B81F000FB101 /* second.png in Resources */,
				BFF975E31598B81F000FB101 /* second@2x.png in Resources */,
				3CE6A2C415E4740300F60218 /* Icon@2x.png in Resources */,
				3CE6A2C715E4740600F60218 /* icon.png in Resources */,
				3CE6A2CD15E476FC00F60218 /* Default@2x.png in Resources */,
				3CE6A2D015E4770000F60218 /* Default.png in Resources */,
				3C8F52A815F4393C00E637A5 /* ddang_30.png in Resources */,
				3C8F52A915F4393C00E637A5 /* my_30.png in Resources */,
				3C8F52AA15F4393C00E637A5 /* twittour_30.png in Resources */,
			);
			runOnlyForDeploymentPostprocessing = 0;
		};
		BFF975E61598B81F000FB101 /* Resources */ = {
			isa = PBXResourcesBuildPhase;
			buildActionMask = 2147483647;
			files = (
				BFF975F51598B820000FB101 /* InfoPlist.strings in Resources */,
			);
			runOnlyForDeploymentPostprocessing = 0;
		};
/* End PBXResourcesBuildPhase section */

/* Begin PBXShellScriptBuildPhase section */
		BFF975E71598B81F000FB101 /* ShellScript */ = {
			isa = PBXShellScriptBuildPhase;
			buildActionMask = 2147483647;
			files = (
			);
			inputPaths = (
			);
			outputPaths = (
			);
			runOnlyForDeploymentPostprocessing = 0;
			shellPath = /bin/sh;
			shellScript = "# Run the unit tests in this test bundle.\n\"${SYSTEM_DEVELOPER_DIR}/Tools/RunUnitTests\"\n";
		};
/* End PBXShellScriptBuildPhase section */

/* Begin PBXSourcesBuildPhase section */
		BFF975B61598B81F000FB101 /* Sources */ = {
			isa = PBXSourcesBuildPhase;
			buildActionMask = 2147483647;
			files = (
				BFF975CB1598B81F000FB101 /* main.m in Sources */,
				BFF975CF1598B81F000FB101 /* AppDelegate.m in Sources */,
				BFF975D81598B81F000FB101 /* FirstViewController.m in Sources */,
				BFF975DF1598B81F000FB101 /* SecondViewController.m in Sources */,
				BFF976031599E62B000FB101 /* ThirdViewController.m in Sources */,
				BFF976061599E77A000FB101 /* FourthViewController.m in Sources */,
				BFF64DC01599F9EC00ED8D1F /* FirstTableViewCell.m in Sources */,
				BFF64DC41599FA8200ED8D1F /* FirstTableViewController.m in Sources */,
				BFF64DCA159A12FD00ED8D1F /* FourthTableViewController.m in Sources */,
				BFF64DCD159A134900ED8D1F /* FourthTableViewCell.m in Sources */,
				C8969F5515F3313C00D9A5E7 /* ForthViewController.m in Sources */,
				C8969F6015F4DE5000D9A5E7 /* BaseWebViewController.m in Sources */,
			);
			runOnlyForDeploymentPostprocessing = 0;
		};
		BFF975E41598B81F000FB101 /* Sources */ = {
			isa = PBXSourcesBuildPhase;
			buildActionMask = 2147483647;
			files = (
				BFF975F81598B820000FB101 /* TabbarTests.m in Sources */,
			);
			runOnlyForDeploymentPostprocessing = 0;
		};
/* End PBXSourcesBuildPhase section */

/* Begin PBXTargetDependency section */
		BFF975EF1598B820000FB101 /* PBXTargetDependency */ = {
			isa = PBXTargetDependency;
			target = BFF975B91598B81F000FB101 /* Tabbar */;
			targetProxy = BFF975EE1598B820000FB101 /* PBXContainerItemProxy */;
		};
/* End PBXTargetDependency section */

/* Begin PBXVariantGroup section */
		BFF975C71598B81F000FB101 /* InfoPlist.strings */ = {
			isa = PBXVariantGroup;
			children = (
				BFF975C81598B81F000FB101 /* en */,
			);
			name = InfoPlist.strings;
			sourceTree = "<group>";
		};
		BFF975D01598B81F000FB101 /* MainStoryboard_iPhone.storyboard */ = {
			isa = PBXVariantGroup;
			children = (
				BFF975D11598B81F000FB101 /* en */,
			);
			name = MainStoryboard_iPhone.storyboard;
			sourceTree = "<group>";
		};
		BFF975D31598B81F000FB101 /* MainStoryboard_iPad.storyboard */ = {
			isa = PBXVariantGroup;
			children = (
				BFF975D41598B81F000FB101 /* en */,
			);
			name = MainStoryboard_iPad.storyboard;
			sourceTree = "<group>";
		};
		BFF975F31598B820000FB101 /* InfoPlist.strings */ = {
			isa = PBXVariantGroup;
			children = (
				BFF975F41598B820000FB101 /* en */,
			);
			name = InfoPlist.strings;
			sourceTree = "<group>";
		};
/* End PBXVariantGroup section */

/* Begin XCBuildConfiguration section */
		BFF975F91598B820000FB101 /* Debug */ = {
			isa = XCBuildConfiguration;
			buildSettings = {
				ALWAYS_SEARCH_USER_PATHS = NO;
				ARCHS = "$(ARCHS_STANDARD_32_BIT)";
				CLANG_ENABLE_OBJC_ARC = YES;
				"CODE_SIGN_IDENTITY[sdk=iphoneos*]" = "iPhone Developer";
				COPY_PHASE_STRIP = NO;
				GCC_C_LANGUAGE_STANDARD = gnu99;
				GCC_DYNAMIC_NO_PIC = NO;
				GCC_OPTIMIZATION_LEVEL = 0;
				GCC_PREPROCESSOR_DEFINITIONS = (
					"DEBUG=1",
					"$(inherited)",
				);
				GCC_SYMBOLS_PRIVATE_EXTERN = NO;
				GCC_VERSION = com.apple.compilers.llvm.clang.1_0;
				GCC_WARN_ABOUT_RETURN_TYPE = YES;
				GCC_WARN_UNINITIALIZED_AUTOS = YES;
				GCC_WARN_UNUSED_VARIABLE = YES;
				IPHONEOS_DEPLOYMENT_TARGET = 5.1;
				SDKROOT = iphoneos;
				TARGETED_DEVICE_FAMILY = "1,2";
			};
			name = Debug;
		};
		BFF975FA1598B820000FB101 /* Release */ = {
			isa = XCBuildConfiguration;
			buildSettings = {
				ALWAYS_SEARCH_USER_PATHS = NO;
				ARCHS = "$(ARCHS_STANDARD_32_BIT)";
				CLANG_ENABLE_OBJC_ARC = YES;
				"CODE_SIGN_IDENTITY[sdk=iphoneos*]" = "iPhone Developer";
				COPY_PHASE_STRIP = YES;
				GCC_C_LANGUAGE_STANDARD = gnu99;
				GCC_VERSION = com.apple.compilers.llvm.clang.1_0;
				GCC_WARN_ABOUT_RETURN_TYPE = YES;
				GCC_WARN_UNINITIALIZED_AUTOS = YES;
				GCC_WARN_UNUSED_VARIABLE = YES;
				IPHONEOS_DEPLOYMENT_TARGET = 5.1;
				OTHER_CFLAGS = "-DNS_BLOCK_ASSERTIONS=1";
				SDKROOT = iphoneos;
				TARGETED_DEVICE_FAMILY = "1,2";
				VALIDATE_PRODUCT = YES;
			};
			name = Release;
		};
		BFF975FC1598B820000FB101 /* Debug */ = {
			isa = XCBuildConfiguration;
			buildSettings = {
				CODE_SIGN_IDENTITY = "iPhone Developer: Hyun muk Cho (J5MY666KEG)";
				"CODE_SIGN_IDENTITY[sdk=iphoneos*]" = "iPhone Developer";
				GCC_PRECOMPILE_PREFIX_HEADER = YES;
				GCC_PREFIX_HEADER = "Tabbar/Tabbar-Prefix.pch";
				INFOPLIST_FILE = "Tabbar/Tabbar-Info.plist";
				IPHONEOS_DEPLOYMENT_TARGET = 5.0;
				PRODUCT_NAME = "$(TARGET_NAME)";
				PROVISIONING_PROFILE = "A7C6635D-DD2C-459E-89EB-F940F5876F6E";
				"PROVISIONING_PROFILE[sdk=iphoneos*]" = "";
				WRAPPER_EXTENSION = app;
			};
			name = Debug;
		};
		BFF975FD1598B820000FB101 /* Release */ = {
			isa = XCBuildConfiguration;
			buildSettings = {
				CODE_SIGN_IDENTITY = "iPhone Distribution: hyunjoon cho";
				"CODE_SIGN_IDENTITY[sdk=iphoneos*]" = "iPhone Distribution";
				GCC_PRECOMPILE_PREFIX_HEADER = YES;
				GCC_PREFIX_HEADER = "Tabbar/Tabbar-Prefix.pch";
				INFOPLIST_FILE = "Tabbar/Tabbar-Info.plist";
				IPHONEOS_DEPLOYMENT_TARGET = 5.0;
				PRODUCT_NAME = "$(TARGET_NAME)";
				PROVISIONING_PROFILE = "8E83B675-4985-4CDC-B3D0-6DF0127EE25F";
				"PROVISIONING_PROFILE[sdk=iphoneos*]" = "";
				WRAPPER_EXTENSION = app;
			};
			name = Release;
		};
		BFF975FF1598B820000FB101 /* Debug */ = {
			isa = XCBuildConfiguration;
			buildSettings = {
				BUNDLE_LOADER = "$(BUILT_PRODUCTS_DIR)/Tabbar.app/Tabbar";
				FRAMEWORK_SEARCH_PATHS = (
					"$(SDKROOT)/Developer/Library/Frameworks",
					"$(DEVELOPER_LIBRARY_DIR)/Frameworks",
				);
				GCC_PRECOMPILE_PREFIX_HEADER = YES;
				GCC_PREFIX_HEADER = "Tabbar/Tabbar-Prefix.pch";
				INFOPLIST_FILE = "TabbarTests/TabbarTests-Info.plist";
				PRODUCT_NAME = "$(TARGET_NAME)";
				TEST_HOST = "$(BUNDLE_LOADER)";
				WRAPPER_EXTENSION = octest;
			};
			name = Debug;
		};
		BFF976001598B820000FB101 /* Release */ = {
			isa = XCBuildConfiguration;
			buildSettings = {
				BUNDLE_LOADER = "$(BUILT_PRODUCTS_DIR)/Tabbar.app/Tabbar";
				FRAMEWORK_SEARCH_PATHS = (
					"$(SDKROOT)/Developer/Library/Frameworks",
					"$(DEVELOPER_LIBRARY_DIR)/Frameworks",
				);
				GCC_PRECOMPILE_PREFIX_HEADER = YES;
				GCC_PREFIX_HEADER = "Tabbar/Tabbar-Prefix.pch";
				INFOPLIST_FILE = "TabbarTests/TabbarTests-Info.plist";
				PRODUCT_NAME = "$(TARGET_NAME)";
				TEST_HOST = "$(BUNDLE_LOADER)";
				WRAPPER_EXTENSION = octest;
			};
			name = Release;
		};
/* End XCBuildConfiguration section */

/* Begin XCConfigurationList section */
		BFF975B41598B81F000FB101 /* Build configuration list for PBXProject "072FreeTour" */ = {
			isa = XCConfigurationList;
			buildConfigurations = (
				BFF975F91598B820000FB101 /* Debug */,
				BFF975FA1598B820000FB101 /* Release */,
			);
			defaultConfigurationIsVisible = 0;
			defaultConfigurationName = Release;
		};
		BFF975FB1598B820000FB101 /* Build configuration list for PBXNativeTarget "Tabbar" */ = {
			isa = XCConfigurationList;
			buildConfigurations = (
				BFF975FC1598B820000FB101 /* Debug */,
				BFF975FD1598B820000FB101 /* Release */,
			);
			defaultConfigurationIsVisible = 0;
			defaultConfigurationName = Release;
		};
		BFF975FE1598B820000FB101 /* Build configuration list for PBXNativeTarget "TabbarTests" */ = {
			isa = XCConfigurationList;
			buildConfigurations = (
				BFF975FF1598B820000FB101 /* Debug */,
				BFF976001598B820000FB101 /* Release */,
			);
			defaultConfigurationIsVisible = 0;
			defaultConfigurationName = Release;
		};
/* End XCConfigurationList section */
	};
	rootObject = BFF975B11598B81F000FB101 /* Project object */;
}
